
Microsoft Visual Studio Solution File, Format Version 12.00
# Visual Studio Version 16
VisualStudioVersion = 16.0.32413.511
MinimumVisualStudioVersion = 10.0.40219.1
Project("{FAE04EC0-301F-11D3-BF4B-00C04F79EFBC}") = "ReactPeopleBackend.Data", "ReactPeopleBackend.Data\ReactPeopleBackend.Data.csproj", "{1F70437F-5F0E-442B-9EFF-C7334CEDC0BD}"
EndProject
Project("{FAE04EC0-301F-11D3-BF4B-00C04F79EFBC}") = "ReactPeopleBackend.Web", "ReactPeopleBackend.Web\ReactPeopleBackend.Web.csproj", "{8A312C45-4E22-4E8C-9E58-D07456CE0C6E}"
EndProject
Global
	GlobalSection(SolutionConfigurationPlatforms) = preSolution
		Debug|Any CPU = Debug|Any CPU
		Release|Any CPU = Release|Any CPU
	EndGlobalSection
	GlobalSection(ProjectConfigurationPlatforms) = postSolution
		{1F70437F-5F0E-442B-9EFF-C7334CEDC0BD}.Debug|Any CPU.ActiveCfg = Debug|Any CPU
		{1F70437F-5F0E-442B-9EFF-C7334CEDC0BD}.Debug|Any CPU.Build.0 = Debug|Any CPU
		{1F70437F-5F0E-442B-9EFF-C7334CEDC0BD}.Release|Any CPU.ActiveCfg = Release|Any CPU
		{1F70437F-5F0E-442B-9EFF-C7334CEDC0BD}.Release|Any CPU.Build.0 = Release|Any CPU
		{8A312C45-4E22-4E8C-9E58-D07456CE0C6E}.Debug|Any CPU.ActiveCfg = Debug|Any CPU
		{8A312C45-4E22-4E8C-9E58-D07456CE0C6E}.Debug|Any CPU.Build.0 = Debug|Any CPU
		{8A312C45-4E22-4E8C-9E58-D07456CE0C6E}.Release|Any CPU.ActiveCfg = Release|Any CPU
		{8A312C45-4E22-4E8C-9E58-D07456CE0C6E}.Release|Any CPU.Build.0 = Release|Any CPU
	EndGlobalSection
	GlobalSection(SolutionProperties) = preSolution
		HideSolutionNode = FALSE
	EndGlobalSection
	GlobalSection(ExtensibilityGlobals) = postSolution
		SolutionGuid = {5F949057-9B8B-4D09-9210-6BC265C87AE7}
	EndGlobalSection
EndGlobal
